// !$*UTF8*$!
{
	archiveVersion = 1;
	classes = {
	};
	objectVersion = 56;
	objects = {

/* Begin PBXBuildFile section */
		3D7D42E42942002F00ED7261 /* AppDelegate.swift in Sources */ = {isa = PBXBuildFile; fileRef = 3D7D42E32942002F00ED7261 /* AppDelegate.swift */; };
		3D7D42E62942002F00ED7261 /* SceneDelegate.swift in Sources */ = {isa = PBXBuildFile; fileRef = 3D7D42E52942002F00ED7261 /* SceneDelegate.swift */; };
		3D7D42EB2942002F00ED7261 /* Main.storyboard in Resources */ = {isa = PBXBuildFile; fileRef = 3D7D42E92942002F00ED7261 /* Main.storyboard */; };
		3D7D42EE2942002F00ED7261 /* Noh_My_Memo.xcdatamodeld in Sources */ = {isa = PBXBuildFile; fileRef = 3D7D42EC2942002F00ED7261 /* Noh_My_Memo.xcdatamodeld */; };
		3D7D42F02942003000ED7261 /* Assets.xcassets in Resources */ = {isa = PBXBuildFile; fileRef = 3D7D42EF2942003000ED7261 /* Assets.xcassets */; };
		3D7D42F32942003000ED7261 /* LaunchScreen.storyboard in Resources */ = {isa = PBXBuildFile; fileRef = 3D7D42F12942003000ED7261 /* LaunchScreen.storyboard */; };
		3D7D42FE2942003000ED7261 /* Noh_My_MemoTests.swift in Sources */ = {isa = PBXBuildFile; fileRef = 3D7D42FD2942003000ED7261 /* Noh_My_MemoTests.swift */; };
		3D7D43082942003000ED7261 /* Noh_My_MemoUITests.swift in Sources */ = {isa = PBXBuildFile; fileRef = 3D7D43072942003000ED7261 /* Noh_My_MemoUITests.swift */; };
		3D7D430A2942003000ED7261 /* Noh_My_MemoUITestsLaunchTests.swift in Sources */ = {isa = PBXBuildFile; fileRef = 3D7D43092942003000ED7261 /* Noh_My_MemoUITestsLaunchTests.swift */; };
		3D7D431D2945943D00ED7261 /* MemoListVC.swift in Sources */ = {isa = PBXBuildFile; fileRef = 3D7D431C2945943D00ED7261 /* MemoListVC.swift */; };
		3D7D431F2945945A00ED7261 /* MemoFormVC.swift in Sources */ = {isa = PBXBuildFile; fileRef = 3D7D431E2945945900ED7261 /* MemoFormVC.swift */; };
		3D7D43212945946C00ED7261 /* MemoReadVC.swift in Sources */ = {isa = PBXBuildFile; fileRef = 3D7D43202945946C00ED7261 /* MemoReadVC.swift */; };
		3D7D4325294595E500ED7261 /* MemoCell.swift in Sources */ = {isa = PBXBuildFile; fileRef = 3D7D4324294595E500ED7261 /* MemoCell.swift */; };
		3D7D4327294596B100ED7261 /* MemoData.swift in Sources */ = {isa = PBXBuildFile; fileRef = 3D7D4326294596B100ED7261 /* MemoData.swift */; };
/* End PBXBuildFile section */

/* Begin PBXContainerItemProxy section */
		3D7D42FA2942003000ED7261 /* PBXContainerItemProxy */ = {
			isa = PBXContainerItemProxy;
			containerPortal = 3D7D42D82942002F00ED7261 /* Project object */;
			proxyType = 1;
			remoteGlobalIDString = 3D7D42DF2942002F00ED7261;
			remoteInfo = Noh_My_Memo;
		};
		3D7D43042942003000ED7261 /* PBXContainerItemProxy */ = {
			isa = PBXContainerItemProxy;
			containerPortal = 3D7D42D82942002F00ED7261 /* Project object */;
			proxyType = 1;
			remoteGlobalIDString = 3D7D42DF2942002F00ED7261;
			remoteInfo = Noh_My_Memo;
		};
/* End PBXContainerItemProxy section */

/* Begin PBXFileReference section */
		3D7D42E02942002F00ED7261 /* Noh_My_Memo.app */ = {isa = PBXFileReference; explicitFileType = wrapper.application; includeInIndex = 0; path = Noh_My_Memo.app; sourceTree = BUILT_PRODUCTS_DIR; };
		3D7D42E32942002F00ED7261 /* AppDelegate.swift */ = {isa = PBXFileReference; lastKnownFileType = sourcecode.swift; path = AppDelegate.swift; sourceTree = "<group>"; };
		3D7D42E52942002F00ED7261 /* SceneDelegate.swift */ = {isa = PBXFileReference; lastKnownFileType = sourcecode.swift; path = SceneDelegate.swift; sourceTree = "<group>"; };
		3D7D42EA2942002F00ED7261 /* Base */ = {isa = PBXFileReference; lastKnownFileType = file.storyboard; name = Base; path = Base.lproj/Main.storyboard; sourceTree = "<group>"; };
		3D7D42ED2942002F00ED7261 /* Noh_My_Memo.xcdatamodel */ = {isa = PBXFileReference; lastKnownFileType = wrapper.xcdatamodel; path = Noh_My_Memo.xcdatamodel; sourceTree = "<group>"; };
		3D7D42EF2942003000ED7261 /* Assets.xcassets */ = {isa = PBXFileReference; lastKnownFileType = folder.assetcatalog; path = Assets.xcassets; sourceTree = "<group>"; };
		3D7D42F22942003000ED7261 /* Base */ = {isa = PBXFileReference; lastKnownFileType = file.storyboard; name = Base; path = Base.lproj/LaunchScreen.storyboard; sourceTree = "<group>"; };
		3D7D42F42942003000ED7261 /* Info.plist */ = {isa = PBXFileReference; lastKnownFileType = text.plist.xml; path = Info.plist; sourceTree = "<group>"; };
		3D7D42F92942003000ED7261 /* Noh_My_MemoTests.xctest */ = {isa = PBXFileReference; explicitFileType = wrapper.cfbundle; includeInIndex = 0; path = Noh_My_MemoTests.xctest; sourceTree = BUILT_PRODUCTS_DIR; };
		3D7D42FD2942003000ED7261 /* Noh_My_MemoTests.swift */ = {isa = PBXFileReference; lastKnownFileType = sourcecode.swift; path = Noh_My_MemoTests.swift; sourceTree = "<group>"; };
		3D7D43032942003000ED7261 /* Noh_My_MemoUITests.xctest */ = {isa = PBXFileReference; explicitFileType = wrapper.cfbundle; includeInIndex = 0; path = Noh_My_MemoUITests.xctest; sourceTree = BUILT_PRODUCTS_DIR; };
		3D7D43072942003000ED7261 /* Noh_My_MemoUITests.swift */ = {isa = PBXFileReference; lastKnownFileType = sourcecode.swift; path = Noh_My_MemoUITests.swift; sourceTree = "<group>"; };
		3D7D43092942003000ED7261 /* Noh_My_MemoUITestsLaunchTests.swift */ = {isa = PBXFileReference; lastKnownFileType = sourcecode.swift; path = Noh_My_MemoUITestsLaunchTests.swift; sourceTree = "<group>"; };
		3D7D431C2945943D00ED7261 /* MemoListVC.swift */ = {isa = PBXFileReference; lastKnownFileType = sourcecode.swift; path = MemoListVC.swift; sourceTree = "<group>"; };
		3D7D431E2945945900ED7261 /* MemoFormVC.swift */ = {isa = PBXFileReference; lastKnownFileType = sourcecode.swift; path = MemoFormVC.swift; sourceTree = "<group>"; };
		3D7D43202945946C00ED7261 /* MemoReadVC.swift */ = {isa = PBXFileReference; lastKnownFileType = sourcecode.swift; path = MemoReadVC.swift; sourceTree = "<group>"; };
		3D7D4324294595E500ED7261 /* MemoCell.swift */ = {isa = PBXFileReference; lastKnownFileType = sourcecode.swift; path = MemoCell.swift; sourceTree = "<group>"; };
		3D7D4326294596B100ED7261 /* MemoData.swift */ = {isa = PBXFileReference; lastKnownFileType = sourcecode.swift; path = MemoData.swift; sourceTree = "<group>"; };
/* End PBXFileReference section */

/* Begin PBXFrameworksBuildPhase section */
		3D7D42DD2942002F00ED7261 /* Frameworks */ = {
			isa = PBXFrameworksBuildPhase;
			buildActionMask = 2147483647;
			files = (
			);
			runOnlyForDeploymentPostprocessing = 0;
		};
		3D7D42F62942003000ED7261 /* Frameworks */ = {
			isa = PBXFrameworksBuildPhase;
			buildActionMask = 2147483647;
			files = (
			);
			runOnlyForDeploymentPostprocessing = 0;
		};
		3D7D43002942003000ED7261 /* Frameworks */ = {
			isa = PBXFrameworksBuildPhase;
			buildActionMask = 2147483647;
			files = (
			);
			runOnlyForDeploymentPostprocessing = 0;
		};
/* End PBXFrameworksBuildPhase section */

/* Begin PBXGroup section */
		3D7D42D72942002F00ED7261 = {
			isa = PBXGroup;
			children = (
				3D7D42E22942002F00ED7261 /* Noh_My_Memo */,
				3D7D42FC2942003000ED7261 /* Noh_My_MemoTests */,
				3D7D43062942003000ED7261 /* Noh_My_MemoUITests */,
				3D7D42E12942002F00ED7261 /* Products */,
			);
			sourceTree = "<group>";
		};
		3D7D42E12942002F00ED7261 /* Products */ = {
			isa = PBXGroup;
			children = (
				3D7D42E02942002F00ED7261 /* Noh_My_Memo.app */,
				3D7D42F92942003000ED7261 /* Noh_My_MemoTests.xctest */,
				3D7D43032942003000ED7261 /* Noh_My_MemoUITests.xctest */,
			);
			name = Products;
			sourceTree = "<group>";
		};
		3D7D42E22942002F00ED7261 /* Noh_My_Memo */ = {
			isa = PBXGroup;
			children = (
				3D7D42E32942002F00ED7261 /* AppDelegate.swift */,
				3D7D42E52942002F00ED7261 /* SceneDelegate.swift */,
				3D7D42E92942002F00ED7261 /* Main.storyboard */,
				3D7D42EF2942003000ED7261 /* Assets.xcassets */,
				3D7D42F12942003000ED7261 /* LaunchScreen.storyboard */,
				3D7D42F42942003000ED7261 /* Info.plist */,
				3D7D42EC2942002F00ED7261 /* Noh_My_Memo.xcdatamodeld */,
				3D7D431C2945943D00ED7261 /* MemoListVC.swift */,
				3D7D431E2945945900ED7261 /* MemoFormVC.swift */,
				3D7D43202945946C00ED7261 /* MemoReadVC.swift */,
				3D7D4324294595E500ED7261 /* MemoCell.swift */,
				3D7D4326294596B100ED7261 /* MemoData.swift */,
			);
			path = Noh_My_Memo;
			sourceTree = "<group>";
		};
		3D7D42FC2942003000ED7261 /* Noh_My_MemoTests */ = {
			isa = PBXGroup;
			children = (
				3D7D42FD2942003000ED7261 /* Noh_My_MemoTests.swift */,
			);
			path = Noh_My_MemoTests;
			sourceTree = "<group>";
		};
		3D7D43062942003000ED7261 /* Noh_My_MemoUITests */ = {
			isa = PBXGroup;
			children = (
				3D7D43072942003000ED7261 /* Noh_My_MemoUITests.swift */,
				3D7D43092942003000ED7261 /* Noh_My_MemoUITestsLaunchTests.swift */,
			);
			path = Noh_My_MemoUITests;
			sourceTree = "<group>";
		};
/* End PBXGroup section */

/* Begin PBXNativeTarget section */
		3D7D42DF2942002F00ED7261 /* Noh_My_Memo */ = {
			isa = PBXNativeTarget;
			buildConfigurationList = 3D7D430D2942003000ED7261 /* Build configuration list for PBXNativeTarget "Noh_My_Memo" */;
			buildPhases = (
				3D7D42DC2942002F00ED7261 /* Sources */,
				3D7D42DD2942002F00ED7261 /* Frameworks */,
				3D7D42DE2942002F00ED7261 /* Resources */,
			);
			buildRules = (
			);
			dependencies = (
			);
			name = Noh_My_Memo;
			productName = Noh_My_Memo;
			productReference = 3D7D42E02942002F00ED7261 /* Noh_My_Memo.app */;
			productType = "com.apple.product-type.application";
		};
		3D7D42F82942003000ED7261 /* Noh_My_MemoTests */ = {
			isa = PBXNativeTarget;
			buildConfigurationList = 3D7D43102942003000ED7261 /* Build configuration list for PBXNativeTarget "Noh_My_MemoTests" */;
			buildPhases = (
				3D7D42F52942003000ED7261 /* Sources */,
				3D7D42F62942003000ED7261 /* Frameworks */,
				3D7D42F72942003000ED7261 /* Resources */,
			);
			buildRules = (
			);
			dependencies = (
				3D7D42FB2942003000ED7261 /* PBXTargetDependency */,
			);
			name = Noh_My_MemoTests;
			productName = Noh_My_MemoTests;
			productReference = 3D7D42F92942003000ED7261 /* Noh_My_MemoTests.xctest */;
			productType = "com.apple.product-type.bundle.unit-test";
		};
		3D7D43022942003000ED7261 /* Noh_My_MemoUITests */ = {
			isa = PBXNativeTarget;
			buildConfigurationList = 3D7D43132942003000ED7261 /* Build configuration list for PBXNativeTarget "Noh_My_MemoUITests" */;
			buildPhases = (
				3D7D42FF2942003000ED7261 /* Sources */,
				3D7D43002942003000ED7261 /* Frameworks */,
				3D7D43012942003000ED7261 /* Resources */,
			);
			buildRules = (
			);
			dependencies = (
				3D7D43052942003000ED7261 /* PBXTargetDependency */,
			);
			name = Noh_My_MemoUITests;
			productName = Noh_My_MemoUITests;
			productReference = 3D7D43032942003000ED7261 /* Noh_My_MemoUITests.xctest */;
			productType = "com.apple.product-type.bundle.ui-testing";
		};
/* End PBXNativeTarget section */

/* Begin PBXProject section */
		3D7D42D82942002F00ED7261 /* Project object */ = {
			isa = PBXProject;
			attributes = {
				BuildIndependentTargetsInParallel = 1;
				LastSwiftUpdateCheck = 1410;
				LastUpgradeCheck = 1410;
				TargetAttributes = {
					3D7D42DF2942002F00ED7261 = {
						CreatedOnToolsVersion = 14.1;
					};
					3D7D42F82942003000ED7261 = {
						CreatedOnToolsVersion = 14.1;
						TestTargetID = 3D7D42DF2942002F00ED7261;
					};
					3D7D43022942003000ED7261 = {
						CreatedOnToolsVersion = 14.1;
						TestTargetID = 3D7D42DF2942002F00ED7261;
					};
				};
			};
			buildConfigurationList = 3D7D42DB2942002F00ED7261 /* Build configuration list for PBXProject "Noh_My_Memo" */;
			compatibilityVersion = "Xcode 14.0";
			developmentRegion = en;
			hasScannedForEncodings = 0;
			knownRegions = (
				en,
				Base,
			);
			mainGroup = 3D7D42D72942002F00ED7261;
			productRefGroup = 3D7D42E12942002F00ED7261 /* Products */;
			projectDirPath = "";
			projectRoot = "";
			targets = (
				3D7D42DF2942002F00ED7261 /* Noh_My_Memo */,
				3D7D42F82942003000ED7261 /* Noh_My_MemoTests */,
				3D7D43022942003000ED7261 /* Noh_My_MemoUITests */,
			);
		};
/* End PBXProject section */

/* Begin PBXResourcesBuildPhase section */
		3D7D42DE2942002F00ED7261 /* Resources */ = {
			isa = PBXResourcesBuildPhase;
			buildActionMask = 2147483647;
			files = (
				3D7D42F32942003000ED7261 /* LaunchScreen.storyboard in Resources */,
				3D7D42F02942003000ED7261 /* Assets.xcassets in Resources */,
				3D7D42EB2942002F00ED7261 /* Main.storyboard in Resources */,
			);
			runOnlyForDeploymentPostprocessing = 0;
		};
		3D7D42F72942003000ED7261 /* Resources */ = {
			isa = PBXResourcesBuildPhase;
			buildActionMask = 2147483647;
			files = (
			);
			runOnlyForDeploymentPostprocessing = 0;
		};
		3D7D43012942003000ED7261 /* Resources */ = {
			isa = PBXResourcesBuildPhase;
			buildActionMask = 2147483647;
			files = (
			);
			runOnlyForDeploymentPostprocessing = 0;
		};
/* End PBXResourcesBuildPhase section */

/* Begin PBXSourcesBuildPhase section */
		3D7D42DC2942002F00ED7261 /* Sources */ = {
			isa = PBXSourcesBuildPhase;
			buildActionMask = 2147483647;
			files = (
				3D7D4325294595E500ED7261 /* MemoCell.swift in Sources */,
				3D7D4327294596B100ED7261 /* MemoData.swift in Sources */,
				3D7D42E42942002F00ED7261 /* AppDelegate.swift in Sources */,
				3D7D431F2945945A00ED7261 /* MemoFormVC.swift in Sources */,
				3D7D43212945946C00ED7261 /* MemoReadVC.swift in Sources */,
				3D7D42E62942002F00ED7261 /* SceneDelegate.swift in Sources */,
				3D7D431D2945943D00ED7261 /* MemoListVC.swift in Sources */,
				3D7D42EE2942002F00ED7261 /* Noh_My_Memo.xcdatamodeld in Sources */,
			);
			runOnlyForDeploymentPostprocessing = 0;
		};
		3D7D42F52942003000ED7261 /* Sources */ = {
			isa = PBXSourcesBuildPhase;
			buildActionMask = 2147483647;
			files = (
				3D7D42FE2942003000ED7261 /* Noh_My_MemoTests.swift in Sources */,
			);
			runOnlyForDeploymentPostprocessing = 0;
		};
		3D7D42FF2942003000ED7261 /* Sources */ = {
			isa = PBXSourcesBuildPhase;
			buildActionMask = 2147483647;
			files = (
				3D7D430A2942003000ED7261 /* Noh_My_MemoUITestsLaunchTests.swift in Sources */,
				3D7D43082942003000ED7261 /* Noh_My_MemoUITests.swift in Sources */,
			);
			runOnlyForDeploymentPostprocessing = 0;
		};
/* End PBXSourcesBuildPhase section */

/* Begin PBXTargetDependency section */
		3D7D42FB2942003000ED7261 /* PBXTargetDependency */ = {
			isa = PBXTargetDependency;
			target = 3D7D42DF2942002F00ED7261 /* Noh_My_Memo */;
			targetProxy = 3D7D42FA2942003000ED7261 /* PBXContainerItemProxy */;
		};
		3D7D43052942003000ED7261 /* PBXTargetDependency */ = {
			isa = PBXTargetDependency;
			target = 3D7D42DF2942002F00ED7261 /* Noh_My_Memo */;
			targetProxy = 3D7D43042942003000ED7261 /* PBXContainerItemProxy */;
		};
/* End PBXTargetDependency section */

/* Begin PBXVariantGroup section */
		3D7D42E92942002F00ED7261 /* Main.storyboard */ = {
			isa = PBXVariantGroup;
			children = (
				3D7D42EA2942002F00ED7261 /* Base */,
			);
			name = Main.storyboard;
			sourceTree = "<group>";
		};
		3D7D42F12942003000ED7261 /* LaunchScreen.storyboard */ = {
			isa = PBXVariantGroup;
			children = (
				3D7D42F22942003000ED7261 /* Base */,
			);
			name = LaunchScreen.storyboard;
			sourceTree = "<group>";
		};
/* End PBXVariantGroup section */

/* Begin XCBuildConfiguration section */
		3D7D430B2942003000ED7261 /* Debug */ = {
			isa = XCBuildConfiguration;
			buildSettings = {
				ALWAYS_SEARCH_USER_PATHS = NO;
				CLANG_ANALYZER_NONNULL = YES;
				CLANG_ANALYZER_NUMBER_OBJECT_CONVERSION = YES_AGGRESSIVE;
				CLANG_CXX_LANGUAGE_STANDARD = "gnu++20";
				CLANG_ENABLE_MODULES = YES;
				CLANG_ENABLE_OBJC_ARC = YES;
				CLANG_ENABLE_OBJC_WEAK = YES;
				CLANG_WARN_BLOCK_CAPTURE_AUTORELEASING = YES;
				CLANG_WARN_BOOL_CONVERSION = YES;
				CLANG_WARN_COMMA = YES;
				CLANG_WARN_CONSTANT_CONVERSION = YES;
				CLANG_WARN_DEPRECATED_OBJC_IMPLEMENTATIONS = YES;
				CLANG_WARN_DIRECT_OBJC_ISA_USAGE = YES_ERROR;
				CLANG_WARN_DOCUMENTATION_COMMENTS = YES;
				CLANG_WARN_EMPTY_BODY = YES;
				CLANG_WARN_ENUM_CONVERSION = YES;
				CLANG_WARN_INFINITE_RECURSION = YES;
				CLANG_WARN_INT_CONVERSION = YES;
				CLANG_WARN_NON_LITERAL_NULL_CONVERSION = YES;
				CLANG_WARN_OBJC_IMPLICIT_RETAIN_SELF = YES;
				CLANG_WARN_OBJC_LITERAL_CONVERSION = YES;
				CLANG_WARN_OBJC_ROOT_CLASS = YES_ERROR;
				CLANG_WARN_QUOTED_INCLUDE_IN_FRAMEWORK_HEADER = YES;
				CLANG_WARN_RANGE_LOOP_ANALYSIS = YES;
				CLANG_WARN_STRICT_PROTOTYPES = YES;
				CLANG_WARN_SUSPICIOUS_MOVE = YES;
				CLANG_WARN_UNGUARDED_AVAILABILITY = YES_AGGRESSIVE;
				CLANG_WARN_UNREACHABLE_CODE = YES;
				CLANG_WARN__DUPLICATE_METHOD_MATCH = YES;
				COPY_PHASE_STRIP = NO;
				DEBUG_INFORMATION_FORMAT = dwarf;
				ENABLE_STRICT_OBJC_MSGSEND = YES;
				ENABLE_TESTABILITY = YES;
				GCC_C_LANGUAGE_STANDARD = gnu11;
				GCC_DYNAMIC_NO_PIC = NO;
				GCC_NO_COMMON_BLOCKS = YES;
				GCC_OPTIMIZATION_LEVEL = 0;
				GCC_PREPROCESSOR_DEFINITIONS = (
					"DEBUG=1",
					"$(inherited)",
				);
				GCC_WARN_64_TO_32_BIT_CONVERSION = YES;
				GCC_WARN_ABOUT_RETURN_TYPE = YES_ERROR;
				GCC_WARN_UNDECLARED_SELECTOR = YES;
				GCC_WARN_UNINITIALIZED_AUTOS = YES_AGGRESSIVE;
				GCC_WARN_UNUSED_FUNCTION = YES;
				GCC_WARN_UNUSED_VARIABLE = YES;
				IPHONEOS_DEPLOYMENT_TARGET = 16.1;
				MTL_ENABLE_DEBUG_INFO = INCLUDE_SOURCE;
				MTL_FAST_MATH = YES;
				ONLY_ACTIVE_ARCH = YES;
				SDKROOT = iphoneos;
				SWIFT_ACTIVE_COMPILATION_CONDITIONS = DEBUG;
				SWIFT_OPTIMIZATION_LEVEL = "-Onone";
			};
			name = Debug;
		};
		3D7D430C2942003000ED7261 /* Release */ = {
			isa = XCBuildConfiguration;
			buildSettings = {
				ALWAYS_SEARCH_USER_PATHS = NO;
				CLANG_ANALYZER_NONNULL = YES;
				CLANG_ANALYZER_NUMBER_OBJECT_CONVERSION = YES_AGGRESSIVE;
				CLANG_CXX_LANGUAGE_STANDARD = "gnu++20";
				CLANG_ENABLE_MODULES = YES;
				CLANG_ENABLE_OBJC_ARC = YES;
				CLANG_ENABLE_OBJC_WEAK = YES;
				CLANG_WARN_BLOCK_CAPTURE_AUTORELEASING = YES;
				CLANG_WARN_BOOL_CONVERSION = YES;
				CLANG_WARN_COMMA = YES;
				CLANG_WARN_CONSTANT_CONVERSION = YES;
				CLANG_WARN_DEPRECATED_OBJC_IMPLEMENTATIONS = YES;
				CLANG_WARN_DIRECT_OBJC_ISA_USAGE = YES_ERROR;
				CLANG_WARN_DOCUMENTATION_COMMENTS = YES;
				CLANG_WARN_EMPTY_BODY = YES;
				CLANG_WARN_ENUM_CONVERSION = YES;
				CLANG_WARN_INFINITE_RECURSION = YES;
				CLANG_WARN_INT_CONVERSION = YES;
				CLANG_WARN_NON_LITERAL_NULL_CONVERSION = YES;
				CLANG_WARN_OBJC_IMPLICIT_RETAIN_SELF = YES;
				CLANG_WARN_OBJC_LITERAL_CONVERSION = YES;
				CLANG_WARN_OBJC_ROOT_CLASS = YES_ERROR;
				CLANG_WARN_QUOTED_INCLUDE_IN_FRAMEWORK_HEADER = YES;
				CLANG_WARN_RANGE_LOOP_ANALYSIS = YES;
				CLANG_WARN_STRICT_PROTOTYPES = YES;
				CLANG_WARN_SUSPICIOUS_MOVE = YES;
				CLANG_WARN_UNGUARDED_AVAILABILITY = YES_AGGRESSIVE;
				CLANG_WARN_UNREACHABLE_CODE = YES;
				CLANG_WARN__DUPLICATE_METHOD_MATCH = YES;
				COPY_PHASE_STRIP = NO;
				DEBUG_INFORMATION_FORMAT = "dwarf-with-dsym";
				ENABLE_NS_ASSERTIONS = NO;
				ENABLE_STRICT_OBJC_MSGSEND = YES;
				GCC_C_LANGUAGE_STANDARD = gnu11;
				GCC_NO_COMMON_BLOCKS = YES;
				GCC_WARN_64_TO_32_BIT_CONVERSION = YES;
				GCC_WARN_ABOUT_RETURN_TYPE = YES_ERROR;
				GCC_WARN_UNDECLARED_SELECTOR = YES;
				GCC_WARN_UNINITIALIZED_AUTOS = YES_AGGRESSIVE;
				GCC_WARN_UNUSED_FUNCTION = YES;
				GCC_WARN_UNUSED_VARIABLE = YES;
				IPHONEOS_DEPLOYMENT_TARGET = 16.1;
				MTL_ENABLE_DEBUG_INFO = NO;
				MTL_FAST_MATH = YES;
				SDKROOT = iphoneos;
				SWIFT_COMPILATION_MODE = wholemodule;
				SWIFT_OPTIMIZATION_LEVEL = "-O";
				VALIDATE_PRODUCT = YES;
			};
			name = Release;
		};
		3D7D430E2942003000ED7261 /* Debug */ = {
			isa = XCBuildConfiguration;
			buildSettings = {
				ASSETCATALOG_COMPILER_APPICON_NAME = AppIcon;
				ASSETCATALOG_COMPILER_GLOBAL_ACCENT_COLOR_NAME = AccentColor;
				CODE_SIGN_STYLE = Automatic;
				CURRENT_PROJECT_VERSION = 1;
				DEVELOPMENT_TEAM = YD7K223K25;
				GENERATE_INFOPLIST_FILE = YES;
				INFOPLIST_FILE = Noh_My_Memo/Info.plist;
				INFOPLIST_KEY_UIApplicationSupportsIndirectInputEvents = YES;
				INFOPLIST_KEY_UILaunchStoryboardName = LaunchScreen;
				INFOPLIST_KEY_UIMainStoryboardFile = Main;
				INFOPLIST_KEY_UISupportedInterfaceOrientations = UIInterfaceOrientationPortrait;
				INFOPLIST_KEY_UISupportedInterfaceOrientations_iPad = "UIInterfaceOrientationLandscapeLeft UIInterfaceOrientationLandscapeRight UIInterfaceOrientationPortrait UIInterfaceOrientationPortraitUpsideDown";
				LD_RUNPATH_SEARCH_PATHS = (
					"$(inherited)",
					"@executable_path/Frameworks",
				);
				MARKETING_VERSION = 1.0;
				PRODUCT_BUNDLE_IDENTIFIER = "mollu.Noh-My-Memo";
				PRODUCT_NAME = "$(TARGET_NAME)";
				SUPPORTED_PLATFORMS = "iphoneos iphonesimulator";
				SUPPORTS_MACCATALYST = NO;
				SUPPORTS_MAC_DESIGNED_FOR_IPHONE_IPAD = NO;
				SWIFT_EMIT_LOC_STRINGS = YES;
				SWIFT_VERSION = 5.0;
				TARGETED_DEVICE_FAMILY = 1;
			};
			name = Debug;
		};
		3D7D430F2942003000ED7261 /* Release */ = {
			isa = XCBuildConfiguration;
			buildSettings = {
				ASSETCATALOG_COMPILER_APPICON_NAME = AppIcon;
				ASSETCATALOG_COMPILER_GLOBAL_ACCENT_COLOR_NAME = AccentColor;
				CODE_SIGN_STYLE = Automatic;
				CURRENT_PROJECT_VERSION = 1;
				DEVELOPMENT_TEAM = YD7K223K25;
				GENERATE_INFOPLIST_FILE = YES;
				INFOPLIST_FILE = Noh_My_Memo/Info.plist;
				INFOPLIST_KEY_UIApplicationSupportsIndirectInputEvents = YES;
				INFOPLIST_KEY_UILaunchStoryboardName = LaunchScreen;
				INFOPLIST_KEY_UIMainStoryboardFile = Main;
				INFOPLIST_KEY_UISupportedInterfaceOrientations = UIInterfaceOrientationPortrait;
				INFOPLIST_KEY_UISupportedInterfaceOrientations_iPad = "UIInterfaceOrientationLandscapeLeft UIInterfaceOrientationLandscapeRight UIInterfaceOrientationPortrait UIInterfaceOrientationPortraitUpsideDown";
				LD_RUNPATH_SEARCH_PATHS = (
					"$(inherited)",
					"@executable_path/Frameworks",
				);
				MARKETING_VERSION = 1.0;
				PRODUCT_BUNDLE_IDENTIFIER = "mollu.Noh-My-Memo";
				PRODUCT_NAME = "$(TARGET_NAME)";
				SUPPORTED_PLATFORMS = "iphoneos iphonesimulator";
				SUPPORTS_MACCATALYST = NO;
				SUPPORTS_MAC_DESIGNED_FOR_IPHONE_IPAD = NO;
				SWIFT_EMIT_LOC_STRINGS = YES;
				SWIFT_VERSION = 5.0;
				TARGETED_DEVICE_FAMILY = 1;
			};
			name = Release;
		};
		3D7D43112942003000ED7261 /* Debug */ = {
			isa = XCBuildConfiguration;
			buildSettings = {
				ALWAYS_EMBED_SWIFT_STANDARD_LIBRARIES = YES;
				BUNDLE_LOADER = "$(TEST_HOST)";
				CODE_SIGN_STYLE = Automatic;
				CURRENT_PROJECT_VERSION = 1;
				GENERATE_INFOPLIST_FILE = YES;
				IPHONEOS_DEPLOYMENT_TARGET = 16.1;
				MARKETING_VERSION = 1.0;
				PRODUCT_BUNDLE_IDENTIFIER = "mollu.Noh-My-MemoTests";
				PRODUCT_NAME = "$(TARGET_NAME)";
				SWIFT_EMIT_LOC_STRINGS = NO;
				SWIFT_VERSION = 5.0;
				TARGETED_DEVICE_FAMILY = "1,2";
				TEST_HOST = "$(BUILT_PRODUCTS_DIR)/Noh_My_Memo.app/$(BUNDLE_EXECUTABLE_FOLDER_PATH)/Noh_My_Memo";
			};
			name = Debug;
		};
		3D7D43122942003000ED7261 /* Release */ = {
			isa = XCBuildConfiguration;
			buildSettings = {
				ALWAYS_EMBED_SWIFT_STANDARD_LIBRARIES = YES;
				BUNDLE_LOADER = "$(TEST_HOST)";
				CODE_SIGN_STYLE = Automatic;
				CURRENT_PROJECT_VERSION = 1;
				GENERATE_INFOPLIST_FILE = YES;
				IPHONEOS_DEPLOYMENT_TARGET = 16.1;
				MARKETING_VERSION = 1.0;
				PRODUCT_BUNDLE_IDENTIFIER = "mollu.Noh-My-MemoTests";
				PRODUCT_NAME = "$(TARGET_NAME)";
				SWIFT_EMIT_LOC_STRINGS = NO;
				SWIFT_VERSION = 5.0;
				TARGETED_DEVICE_FAMILY = "1,2";
				TEST_HOST = "$(BUILT_PRODUCTS_DIR)/Noh_My_Memo.app/$(BUNDLE_EXECUTABLE_FOLDER_PATH)/Noh_My_Memo";
			};
			name = Release;
		};
		3D7D43142942003000ED7261 /* Debug */ = {
			isa = XCBuildConfiguration;
			buildSettings = {
				ALWAYS_EMBED_SWIFT_STANDARD_LIBRARIES = YES;
				CODE_SIGN_STYLE = Automatic;
				CURRENT_PROJECT_VERSION = 1;
				GENERATE_INFOPLIST_FILE = YES;
				MARKETING_VERSION = 1.0;
				PRODUCT_BUNDLE_IDENTIFIER = "mollu.Noh-My-MemoUITests";
				PRODUCT_NAME = "$(TARGET_NAME)";
				SWIFT_EMIT_LOC_STRINGS = NO;
				SWIFT_VERSION = 5.0;
				TARGETED_DEVICE_FAMILY = "1,2";
				TEST_TARGET_NAME = Noh_My_Memo;
			};
			name = Debug;
		};
		3D7D43152942003000ED7261 /* Release */ = {
			isa = XCBuildConfiguration;
			buildSettings = {
				ALWAYS_EMBED_SWIFT_STANDARD_LIBRARIES = YES;
				CODE_SIGN_STYLE = Automatic;
				CURRENT_PROJECT_VERSION = 1;
				GENERATE_INFOPLIST_FILE = YES;
				MARKETING_VERSION = 1.0;
				PRODUCT_BUNDLE_IDENTIFIER = "mollu.Noh-My-MemoUITests";
				PRODUCT_NAME = "$(TARGET_NAME)";
				SWIFT_EMIT_LOC_STRINGS = NO;
				SWIFT_VERSION = 5.0;
				TARGETED_DEVICE_FAMILY = "1,2";
				TEST_TARGET_NAME = Noh_My_Memo;
			};
			name = Release;
		};
/* End XCBuildConfiguration section */

/* Begin XCConfigurationList section */
		3D7D42DB2942002F00ED7261 /* Build configuration list for PBXProject "Noh_My_Memo" */ = {
			isa = XCConfigurationList;
			buildConfigurations = (
				3D7D430B2942003000ED7261 /* Debug */,
				3D7D430C2942003000ED7261 /* Release */,
			);
			defaultConfigurationIsVisible = 0;
			defaultConfigurationName = Release;
		};
		3D7D430D2942003000ED7261 /* Build configuration list for PBXNativeTarget "Noh_My_Memo" */ = {
			isa = XCConfigurationList;
			buildConfigurations = (
				3D7D430E2942003000ED7261 /* Debug */,
				3D7D430F2942003000ED7261 /* Release */,
			);
			defaultConfigurationIsVisible = 0;
			defaultConfigurationName = Release;
		};
		3D7D43102942003000ED7261 /* Build configuration list for PBXNativeTarget "Noh_My_MemoTests" */ = {
			isa = XCConfigurationList;
			buildConfigurations = (
				3D7D43112942003000ED7261 /* Debug */,
				3D7D43122942003000ED7261 /* Release */,
			);
			defaultConfigurationIsVisible = 0;
			defaultConfigurationName = Release;
		};
		3D7D43132942003000ED7261 /* Build configuration list for PBXNativeTarget "Noh_My_MemoUITests" */ = {
			isa = XCConfigurationList;
			buildConfigurations = (
				3D7D43142942003000ED7261 /* Debug */,
				3D7D43152942003000ED7261 /* Release */,
			);
			defaultConfigurationIsVisible = 0;
			defaultConfigurationName = Release;
		};
/* End XCConfigurationList section */

/* Begin XCVersionGroup section */
		3D7D42EC2942002F00ED7261 /* Noh_My_Memo.xcdatamodeld */ = {
			isa = XCVersionGroup;
			children = (
				3D7D42ED2942002F00ED7261 /* Noh_My_Memo.xcdatamodel */,
			);
			currentVersion = 3D7D42ED2942002F00ED7261 /* Noh_My_Memo.xcdatamodel */;
			path = Noh_My_Memo.xcdatamodeld;
			sourceTree = "<group>";
			versionGroupType = wrapper.xcdatamodel;
		};
/* End XCVersionGroup section */
	};
	rootObject = 3D7D42D82942002F00ED7261 /* Project object */;
}
